
Microsoft Visual Studio Solution File, Format Version 12.00
# Visual Studio Version 16
VisualStudioVersion = 16.0.33529.622
MinimumVisualStudioVersion = 10.0.40219.1
Project("{FAE04EC0-301F-11D3-BF4B-00C04F79EFBC}") = "WindowsFormsAppChart", "WindowsFormsAppChart.csproj", "{604FC6E9-054B-434B-A177-78F5697B6402}"
EndProject
Global
	GlobalSection(SolutionConfigurationPlatforms) = preSolution
		Debug|Any CPU = Debug|Any CPU
		Release|Any CPU = Release|Any CPU
	EndGlobalSection
	GlobalSection(ProjectConfigurationPlatforms) = postSolution
		{604FC6E9-054B-434B-A177-78F5697B6402}.Debug|Any CPU.ActiveCfg = Debug|Any CPU
		{604FC6E9-054B-434B-A177-78F5697B6402}.Debug|Any CPU.Build.0 = Debug|Any CPU
		{604FC6E9-054B-434B-A177-78F5697B6402}.Release|Any CPU.ActiveCfg = Release|Any CPU
		{604FC6E9-054B-434B-A177-78F5697B6402}.Release|Any CPU.Build.0 = Release|Any CPU
	EndGlobalSection
	GlobalSection(SolutionProperties) = preSolution
		HideSolutionNode = FALSE
	EndGlobalSection
	GlobalSection(ExtensibilityGlobals) = postSolution
		SolutionGuid = {8EDD944C-F1F3-4789-BB21-C70B63F32A90}
	EndGlobalSection
EndGlobal
